# THIS IS AN AUTOGENERATED FILE. DO NOT EDIT THIS FILE DIRECTLY.
# yarn lockfile v1


"@react-navigation/core@^6.4.9":
  version "6.4.9"
  resolved "https://registry.yarnpkg.com/@react-navigation/core/-/core-6.4.9.tgz#aa09ce534f5393427cb993cf242abdbd848fb2c7"
  integrity sha512-G9GH7bP9x0qqupxZnkSftnkn4JoXancElTvFc8FVGfEvxnxP+gBo3wqcknyBi7M5Vad4qecsYjCOa9wqsftv9g==
  dependencies:
    "@react-navigation/routers" "^6.1.9"
    escape-string-regexp "^4.0.0"
    nanoid "^3.1.23"
    query-string "^7.1.3"
    react-is "^16.13.0"
    use-latest-callback "^0.1.5"

"@react-navigation/elements@^1.3.19":
  version "1.3.19"
  resolved "https://registry.yarnpkg.com/@react-navigation/elements/-/elements-1.3.19.tgz#18a4a754836af19c20d987e8ffc4f8b0ee2cbece"
  integrity sha512-7hLvSYKPuDS070pza5gd43WDX7QgfuEmuTWNbCJhKdWlLudYmq3qzxGCBwCfO2dEI6+p8tla5wruaWiGKAbTYw==

"@react-navigation/native-stack@^6.9.14":
  version "6.9.14"
  resolved "https://registry.yarnpkg.com/@react-navigation/native-stack/-/native-stack-6.9.14.tgz#6c3baf9d308e9e07c4f2feafb722d57c5b156936"
  integrity sha512-7RiZkvMFN6f0kmANc63B/0m9ttQ2JpDIPWQwPU93FP698s19KTOyu7uxgl7Oi3bvsqHFO5JfiR7B+4h8lh9dxw==
  dependencies:
    "@react-navigation/elements" "^1.3.19"
    warn-once "^0.1.0"

"@react-navigation/native@^6.1.8":
  version "6.1.8"
  resolved "https://registry.yarnpkg.com/@react-navigation/native/-/native-6.1.8.tgz#2a451fc8e2eff667007feb25d75e1d2b87e5460d"
  integrity sha512-0alti852nV+8oCVm9H80G6kZvrHoy51+rXBvVCRUs2rNDDozC/xPZs8tyeCJkqdw3cpxZDK8ndXF22uWq28+0Q==
  dependencies:
    "@react-navigation/core" "^6.4.9"
    escape-string-regexp "^4.0.0"
    fast-deep-equal "^3.1.3"
    nanoid "^3.1.23"

"@react-navigation/routers@^6.1.9":
  version "6.1.9"
  resolved "https://registry.yarnpkg.com/@react-navigation/routers/-/routers-6.1.9.tgz#73f5481a15a38e36592a0afa13c3c064b9f90bed"
  integrity sha512-lTM8gSFHSfkJvQkxacGM6VJtBt61ip2XO54aNfswD+KMw6eeZ4oehl7m0me3CR9hnDE4+60iAZR8sAhvCiI3NA==
  dependencies:
    nanoid "^3.1.23"

decode-uri-component@^0.2.2:
  version "0.2.2"
  resolved "https://registry.yarnpkg.com/decode-uri-component/-/decode-uri-component-0.2.2.tgz#e69dbe25d37941171dd540e024c444cd5188e1e9"
  integrity sha512-FqUYQ+8o158GyGTrMFJms9qh3CqTKvAqgqsTnkLI8sKu0028orqBhxNMFkFen0zGyg6epACD32pjVk58ngIErQ==

escape-string-regexp@^4.0.0:
  version "4.0.0"
  resolved "https://registry.yarnpkg.com/escape-string-regexp/-/escape-string-regexp-4.0.0.tgz#14ba83a5d373e3d311e5afca29cf5bfad965bf34"
  integrity sha512-TtpcNJ3XAzx3Gq8sWRzJaVajRs0uVxA2YAkdb1jm2YkPz4G6egUFAyA3n5vtEIZefPk5Wa4UXbKuS5fKkJWdgA==

fast-deep-equal@^3.1.3:
  version "3.1.3"
  resolved "https://registry.yarnpkg.com/fast-deep-equal/-/fast-deep-equal-3.1.3.tgz#3a7d56b559d6cbc3eb512325244e619a65c6c525"
  integrity sha512-f3qQ9oQy9j2AhBe/H9VC91wLmKBCCU/gDOnKNAYG5hswO7BLKj09Hc5HYNz9cGI++xlpDCIgDaitVs03ATR84Q==

filter-obj@^1.1.0:
  version "1.1.0"
  resolved "https://registry.yarnpkg.com/filter-obj/-/filter-obj-1.1.0.tgz#9b311112bc6c6127a16e016c6c5d7f19e0805c5b"
  integrity sha512-8rXg1ZnX7xzy2NGDVkBVaAy+lSlPNwad13BtgSlLuxfIslyt5Vg64U7tFcCt4WS1R0hvtnQybT/IyCkGZ3DpXQ==

nanoid@^3.1.23:
  version "3.3.6"
  resolved "https://registry.yarnpkg.com/nanoid/-/nanoid-3.3.6.tgz#443380c856d6e9f9824267d960b4236ad583ea4c"
  integrity sha512-BGcqMMJuToF7i1rt+2PWSNVnWIkGCU78jBG3RxO/bZlnZPK2Cmi2QaffxGO/2RvWi9sL+FAiRiXMgsyxQ1DIDA==

query-string@^7.1.3:
  version "7.1.3"
  resolved "https://registry.yarnpkg.com/query-string/-/query-string-7.1.3.tgz#a1cf90e994abb113a325804a972d98276fe02328"
  integrity sha512-hh2WYhq4fi8+b+/2Kg9CEge4fDPvHS534aOOvOZeQ3+Vf2mCFsaFBYj0i+iXcAq6I9Vzp5fjMFBlONvayDC1qg==
  dependencies:
    decode-uri-component "^0.2.2"
    filter-obj "^1.1.0"
    split-on-first "^1.0.0"
    strict-uri-encode "^2.0.0"

react-freeze@^1.0.0:
  version "1.0.3"
  resolved "https://registry.yarnpkg.com/react-freeze/-/react-freeze-1.0.3.tgz#5e3ca90e682fed1d73a7cb50c2c7402b3e85618d"
  integrity sha512-ZnXwLQnGzrDpHBHiC56TXFXvmolPeMjTn1UOm610M4EXGzbEDR7oOIyS2ZiItgbs6eZc4oU/a0hpk8PrcKvv5g==

react-is@^16.13.0:
  version "16.13.1"
  resolved "https://registry.yarnpkg.com/react-is/-/react-is-16.13.1.tgz#789729a4dc36de2999dc156dd6c1d9c18cea56a4"
  integrity sha512-24e6ynE2H+OKt4kqsOvNd8kBpV65zoxbA4BVsEOB3ARVWQki/DHzaUoC5KuON/BiccDaCCTZBuOcfZs70kR8bQ==

react-native-safe-area-context@^4.7.2:
  version "4.7.2"
  resolved "https://registry.yarnpkg.com/react-native-safe-area-context/-/react-native-safe-area-context-4.7.2.tgz#1673aa99b6a9235e7faaf5a248e69795d6e54e07"
  integrity sha512-5fy/hRNJ7bI/U2SliOeKf0D80J4lXPc1NsRiNS7Xaz8YTnqlzWib1ViItkwKPfufe54YKzVBMmM32RpdzvO2gg==

react-native-screens@^3.25.0:
  version "3.25.0"
  resolved "https://registry.yarnpkg.com/react-native-screens/-/react-native-screens-3.25.0.tgz#cf45e271ce733c9cf782fef8c9b3eb9e53faf01d"
  integrity sha512-TSC2Ad0hh763I8QT6XxMsPXAagQ+RawDSdFtKRvIz9fCYr96AjRwwaqmYivbqlDywOgcRBkIVynkFtp0ThmlYw==
  dependencies:
    react-freeze "^1.0.0"
    warn-once "^0.1.0"

split-on-first@^1.0.0:
  version "1.1.0"
  resolved "https://registry.yarnpkg.com/split-on-first/-/split-on-first-1.1.0.tgz#f610afeee3b12bce1d0c30425e76398b78249a5f"
  integrity sha512-43ZssAJaMusuKWL8sKUBQXHWOpq8d6CfN/u1p4gUzfJkM05C8rxTmYrkIPTXapZpORA6LkkzcUulJ8FqA7Uudw==

strict-uri-encode@^2.0.0:
  version "2.0.0"
  resolved "https://registry.yarnpkg.com/strict-uri-encode/-/strict-uri-encode-2.0.0.tgz#b9c7330c7042862f6b142dc274bbcc5866ce3546"
  integrity sha512-QwiXZgpRcKkhTj2Scnn++4PKtWsH0kpzZ62L2R6c/LUVYv7hVnZqcg2+sMuT6R7Jusu1vviK/MFsu6kNJfWlEQ==

use-latest-callback@^0.1.5:
  version "0.1.6"
  resolved "https://registry.yarnpkg.com/use-latest-callback/-/use-latest-callback-0.1.6.tgz#3fa6e7babbb5f9bfa24b5094b22939e1e92ebcf6"
  integrity sha512-VO/P91A/PmKH9bcN9a7O3duSuxe6M14ZoYXgA6a8dab8doWNdhiIHzEkX/jFeTTRBsX0Ubk6nG4q2NIjNsj+bg==

warn-once@^0.1.0:
  version "0.1.1"
  resolved "https://registry.yarnpkg.com/warn-once/-/warn-once-0.1.1.tgz#952088f4fb56896e73fd4e6a3767272a3fccce43"
  integrity sha512-VkQZJbO8zVImzYFteBXvBOZEl1qL175WH8VmZcxF2fZAoudNhNDvHi+doCaAEdU2l2vtcIwa2zn0QK5+I1HQ3Q==
